
Microsoft Visual Studio Solution File, Format Version 12.00
# Visual Studio Version 17
VisualStudioVersion = 17.8.34330.188
MinimumVisualStudioVersion = 10.0.40219.1
Project("{FAE04EC0-301F-11D3-BF4B-00C04F79EFBC}") = "CodeFirstTest", "CodeFirstTest\CodeFirstTest.csproj", "{A87361EF-D3B5-4CAF-A3E6-1C60BA82581C}"
EndProject
Global
	GlobalSection(SolutionConfigurationPlatforms) = preSolution
		Debug|Any CPU = Debug|Any CPU
		Release|Any CPU = Release|Any CPU
	EndGlobalSection
	GlobalSection(ProjectConfigurationPlatforms) = postSolution
		{A87361EF-D3B5-4CAF-A3E6-1C60BA82581C}.Debug|Any CPU.ActiveCfg = Debug|Any CPU
		{A87361EF-D3B5-4CAF-A3E6-1C60BA82581C}.Debug|Any CPU.Build.0 = Debug|Any CPU
		{A87361EF-D3B5-4CAF-A3E6-1C60BA82581C}.Release|Any CPU.ActiveCfg = Release|Any CPU
		{A87361EF-D3B5-4CAF-A3E6-1C60BA82581C}.Release|Any CPU.Build.0 = Release|Any CPU
	EndGlobalSection
	GlobalSection(SolutionProperties) = preSolution
		HideSolutionNode = FALSE
	EndGlobalSection
	GlobalSection(ExtensibilityGlobals) = postSolution
		SolutionGuid = {DFF7EC39-7FD3-4B06-85D0-A3116D330259}
	EndGlobalSection
EndGlobal
